
Microsoft Visual Studio Solution File, Format Version 12.00
# Visual Studio Version 16
VisualStudioVersion = 16.0.34931.43
MinimumVisualStudioVersion = 10.0.40219.1
Project("{FAE04EC0-301F-11D3-BF4B-00C04F79EFBC}") = "QCTest", "QCTest.csproj", "{43CC64B4-5124-4682-B79E-F0965B5C771A}"
EndProject
Global
	GlobalSection(SolutionConfigurationPlatforms) = preSolution
		Debug|x86 = Debug|x86
		Release|x86 = Release|x86
	EndGlobalSection
	GlobalSection(ProjectConfigurationPlatforms) = postSolution
		{43CC64B4-5124-4682-B79E-F0965B5C771A}.Debug|x86.ActiveCfg = Debug|x86
		{43CC64B4-5124-4682-B79E-F0965B5C771A}.Debug|x86.Build.0 = Debug|x86
		{43CC64B4-5124-4682-B79E-F0965B5C771A}.Release|x86.ActiveCfg = Release|x86
		{43CC64B4-5124-4682-B79E-F0965B5C771A}.Release|x86.Build.0 = Release|x86
	EndGlobalSection
	GlobalSection(SolutionProperties) = preSolution
		HideSolutionNode = FALSE
	EndGlobalSection
	GlobalSection(ExtensibilityGlobals) = postSolution
		SolutionGuid = {47B90C64-FBC0-4810-AF7B-156019DEB1F8}
	EndGlobalSection
EndGlobal
